
Microsoft Visual Studio Solution File, Format Version 12.00
# Visual Studio 15
VisualStudioVersion = 15.0.26730.8
MinimumVisualStudioVersion = 10.0.40219.1
Project("{FAE04EC0-301F-11D3-BF4B-00C04F79EFBC}") = "VideoStore", "VideoStore\VideoStore.csproj", "{1677E0BC-9CC6-4DCA-BB1C-B04993BEEE54}"
EndProject
Project("{FAE04EC0-301F-11D3-BF4B-00C04F79EFBC}") = "VideoStore.Tests", "VideoStore.Tests\VideoStore.Tests.csproj", "{7AF1E9C1-660F-477E-9C0F-EDEBB5599263}"
EndProject
Global
	GlobalSection(SolutionConfigurationPlatforms) = preSolution
		Debug|Any CPU = Debug|Any CPU
		Release|Any CPU = Release|Any CPU
	EndGlobalSection
	GlobalSection(ProjectConfigurationPlatforms) = postSolution
		{1677E0BC-9CC6-4DCA-BB1C-B04993BEEE54}.Debug|Any CPU.ActiveCfg = Debug|Any CPU
		{1677E0BC-9CC6-4DCA-BB1C-B04993BEEE54}.Debug|Any CPU.Build.0 = Debug|Any CPU
		{1677E0BC-9CC6-4DCA-BB1C-B04993BEEE54}.Release|Any CPU.ActiveCfg = Release|Any CPU
		{1677E0BC-9CC6-4DCA-BB1C-B04993BEEE54}.Release|Any CPU.Build.0 = Release|Any CPU
		{7AF1E9C1-660F-477E-9C0F-EDEBB5599263}.Debug|Any CPU.ActiveCfg = Debug|Any CPU
		{7AF1E9C1-660F-477E-9C0F-EDEBB5599263}.Debug|Any CPU.Build.0 = Debug|Any CPU
		{7AF1E9C1-660F-477E-9C0F-EDEBB5599263}.Release|Any CPU.ActiveCfg = Release|Any CPU
		{7AF1E9C1-660F-477E-9C0F-EDEBB5599263}.Release|Any CPU.Build.0 = Release|Any CPU
	EndGlobalSection
	GlobalSection(SolutionProperties) = preSolution
		HideSolutionNode = FALSE
	EndGlobalSection
	GlobalSection(ExtensibilityGlobals) = postSolution
		SolutionGuid = {6BF2B005-370B-4421-B1EA-C41E23CD1EC3}
	EndGlobalSection
EndGlobal
